<?xml version="1.0" encoding="UTF-8" standalone="yes" ?>
<CodeBlocks_project_file>
	<FileVersion major="1" minor="6" />
	<Project>
		<Option title="amgui" />
		<Option pch_mode="2" />
		<Option compiler="gcc" />
		<Build>
			<Target title="Debug">
				<Option output="bin/Debug/amgui" prefix_auto="1" extension_auto="1" />
				<Option object_output="obj/Debug/" />
				<Option type="1" />
				<Option compiler="gcc" />
				<Option use_console_runner="0" />
				<Compiler>
					<Add option="-std=c++11" />
					<Add option="-g" />
					<Add directory="../../dev/allegro-5.0.10-mingw-4.7.0/include" />
					<Add directory="src" />
				</Compiler>
				<Linker>
					<Add library="liballegro-5.0.10-monolith-md-debug.a" />
					<Add directory="../../dev/allegro-5.0.10-mingw-4.7.0/lib" />
				</Linker>
			</Target>
			<Target title="Release">
				<Option output="bin/Release/amgui" prefix_auto="1" extension_auto="1" />
				<Option object_output="obj/Release/" />
				<Option type="1" />
				<Option compiler="gcc" />
				<Option use_console_runner="0" />
				<Compiler>
					<Add option="-O2" />
					<Add option="-std=c++11" />
				</Compiler>
				<Linker>
					<Add option="-s" />
				</Linker>
			</Target>
		</Build>
		<Compiler>
			<Add option="-Wall" />
			<Add option="-fexceptions" />
		</Compiler>
		<Unit filename="main.cpp" />
		<Unit filename="src/Parser.cpp" />
		<Unit filename="src/Parser.hpp" />
		<Unit filename="src/Rect.hpp" />
		<Unit filename="src/ResourceCache.cpp" />
		<Unit filename="src/ResourceCache.hpp" />
		<Unit filename="src/Skin.cpp" />
		<Unit filename="src/Skin.hpp" />
		<Unit filename="src/Variant.hpp" />
		<Unit filename="src/Widget.cpp" />
		<Unit filename="src/Widget.hpp" />
		<Extensions>
			<code_completion />
			<envvars />
			<debugger />
			<lib_finder disable_auto="1" />
		</Extensions>
	</Project>
</CodeBlocks_project_file>
